// !$*UTF8*$!
{
	archiveVersion = 1;
	classes = {
	};
	objectVersion = 46;
	objects = {

/* Begin PBXBuildFile section */
		6EA847541CBB0875008DCD6C /* AppDelegate.swift in Sources */ = {isa = PBXBuildFile; fileRef = 6EA847531CBB0875008DCD6C /* AppDelegate.swift */; };
		6EA847561CBB0875008DCD6C /* ViewController.swift in Sources */ = {isa = PBXBuildFile; fileRef = 6EA847551CBB0875008DCD6C /* ViewController.swift */; };
		6EA847591CBB0875008DCD6C /* Main.storyboard in Resources */ = {isa = PBXBuildFile; fileRef = 6EA847571CBB0875008DCD6C /* Main.storyboard */; };
		6EA8475B1CBB0875008DCD6C /* Assets.xcassets in Resources */ = {isa = PBXBuildFile; fileRef = 6EA8475A1CBB0875008DCD6C /* Assets.xcassets */; };
		6EA8475E1CBB0875008DCD6C /* LaunchScreen.storyboard in Resources */ = {isa = PBXBuildFile; fileRef = 6EA8475C1CBB0875008DCD6C /* LaunchScreen.storyboard */; };
/* End PBXBuildFile section */

/* Begin PBXFileReference section */
		6EA847501CBB0875008DCD6C /* hola mundo.app */ = {isa = PBXFileReference; explicitFileType = wrapper.application; includeInIndex = 0; path = "hola mundo.app"; sourceTree = BUILT_PRODUCTS_DIR; };
		6EA847531CBB0875008DCD6C /* AppDelegate.swift */ = {isa = PBXFileReference; lastKnownFileType = sourcecode.swift; path = AppDelegate.swift; sourceTree = "<group>"; };
		6EA847551CBB0875008DCD6C /* ViewController.swift */ = {isa = PBXFileReference; lastKnownFileType = sourcecode.swift; path = ViewController.swift; sourceTree = "<group>"; };
		6EA847581CBB0875008DCD6C /* Base */ = {isa = PBXFileReference; lastKnownFileType = file.storyboard; name = Base; path = Base.lproj/Main.storyboard; sourceTree = "<group>"; };
		6EA8475A1CBB0875008DCD6C /* Assets.xcassets */ = {isa = PBXFileReference; lastKnownFileType = folder.assetcatalog; path = Assets.xcassets; sourceTree = "<group>"; };
		6EA8475D1CBB0875008DCD6C /* Base */ = {isa = PBXFileReference; lastKnownFileType = file.storyboard; name = Base; path = Base.lproj/LaunchScreen.storyboard; sourceTree = "<group>"; };
		6EA8475F1CBB0875008DCD6C /* Info.plist */ = {isa = PBXFileReference; lastKnownFileType = text.plist.xml; path = Info.plist; sourceTree = "<group>"; };
/* End PBXFileReference section */

/* Begin PBXFrameworksBuildPhase section */
		6EA8474D1CBB0875008DCD6C /* Frameworks */ = {
			isa = PBXFrameworksBuildPhase;
			buildActionMask = 2147483647;
			files = (
			);
			runOnlyForDeploymentPostprocessing = 0;
		};
/* End PBXFrameworksBuildPhase section */

/* Begin PBXGroup section */
		6EA847471CBB0875008DCD6C = {
			isa = PBXGroup;
			children = (
				6EA847521CBB0875008DCD6C /* hola mundo */,
				6EA847511CBB0875008DCD6C /* Products */,
			);
			sourceTree = "<group>";
		};
		6EA847511CBB0875008DCD6C /* Products */ = {
			isa = PBXGroup;
			children = (
				6EA847501CBB0875008DCD6C /* hola mundo.app */,
			);
			name = Products;
			sourceTree = "<group>";
		};
		6EA847521CBB0875008DCD6C /* hola mundo */ = {
			isa = PBXGroup;
			children = (
				6EA847531CBB0875008DCD6C /* AppDelegate.swift */,
				6EA847551CBB0875008DCD6C /* ViewController.swift */,
				6EA847571CBB0875008DCD6C /* Main.storyboard */,
				6EA8475A1CBB0875008DCD6C /* Assets.xcassets */,
				6EA8475C1CBB0875008DCD6C /* LaunchScreen.storyboard */,
				6EA8475F1CBB0875008DCD6C /* Info.plist */,
			);
			path = "hola mundo";
			sourceTree = "<group>";
		};
/* End PBXGroup section */

/* Begin PBXNativeTarget section */
		6EA8474F1CBB0875008DCD6C /* hola mundo */ = {
			isa = PBXNativeTarget;
			buildConfigurationList = 6EA847621CBB0875008DCD6C /* Build configuration list for PBXNativeTarget "hola mundo" */;
			buildPhases = (
				6EA8474C1CBB0875008DCD6C /* Sources */,
				6EA8474D1CBB0875008DCD6C /* Frameworks */,
				6EA8474E1CBB0875008DCD6C /* Resources */,
			);
			buildRules = (
			);
			dependencies = (
			);
			name = "hola mundo";
			productName = "hola mundo";
			productReference = 6EA847501CBB0875008DCD6C /* hola mundo.app */;
			productType = "com.apple.product-type.application";
		};
/* End PBXNativeTarget section */

/* Begin PBXProject section */
		6EA847481CBB0875008DCD6C /* Project object */ = {
			isa = PBXProject;
			attributes = {
				LastSwiftUpdateCheck = 0730;
				LastUpgradeCheck = 0730;
				ORGANIZATIONNAME = NextU;
				TargetAttributes = {
					6EA8474F1CBB0875008DCD6C = {
						CreatedOnToolsVersion = 7.3;
					};
				};
			};
			buildConfigurationList = 6EA8474B1CBB0875008DCD6C /* Build configuration list for PBXProject "hola mundo" */;
			compatibilityVersion = "Xcode 3.2";
			developmentRegion = English;
			hasScannedForEncodings = 0;
			knownRegions = (
				en,
				Base,
			);
			mainGroup = 6EA847471CBB0875008DCD6C;
			productRefGroup = 6EA847511CBB0875008DCD6C /* Products */;
			projectDirPath = "";
			projectRoot = "";
			targets = (
				6EA8474F1CBB0875008DCD6C /* hola mundo */,
			);
		};
/* End PBXProject section */

/* Begin PBXResourcesBuildPhase section */
		6EA8474E1CBB0875008DCD6C /* Resources */ = {
			isa = PBXResourcesBuildPhase;
			buildActionMask = 2147483647;
			files = (
				6EA8475E1CBB0875008DCD6C /* LaunchScreen.storyboard in Resources */,
				6EA8475B1CBB0875008DCD6C /* Assets.xcassets in Resources */,
				6EA847591CBB0875008DCD6C /* Main.storyboard in Resources */,
			);
			runOnlyForDeploymentPostprocessing = 0;
		};
/* End PBXResourcesBuildPhase section */

/* Begin PBXSourcesBuildPhase section */
		6EA8474C1CBB0875008DCD6C /* Sources */ = {
			isa = PBXSourcesBuildPhase;
			buildActionMask = 2147483647;
			files = (
				6EA847561CBB0875008DCD6C /* ViewController.swift in Sources */,
				6EA847541CBB0875008DCD6C /* AppDelegate.swift in Sources */,
			);
			runOnlyForDeploymentPostprocessing = 0;
		};
/* End PBXSourcesBuildPhase section */

/* Begin PBXVariantGroup section */
		6EA847571CBB0875008DCD6C /* Main.storyboard */ = {
			isa = PBXVariantGroup;
			children = (
				6EA847581CBB0875008DCD6C /* Base */,
			);
			name = Main.storyboard;
			sourceTree = "<group>";
		};
		6EA8475C1CBB0875008DCD6C /* LaunchScreen.storyboard */ = {
			isa = PBXVariantGroup;
			children = (
				6EA8475D1CBB0875008DCD6C /* Base */,
			);
			name = LaunchScreen.storyboard;
			sourceTree = "<group>";
		};
/* End PBXVariantGroup section */

/* Begin XCBuildConfiguration section */
		6EA847601CBB0875008DCD6C /* Debug */ = {
			isa = XCBuildConfiguration;
			buildSettings = {
				ALWAYS_SEARCH_USER_PATHS = NO;
				CLANG_ANALYZER_NONNULL = YES;
				CLANG_CXX_LANGUAGE_STANDARD = "gnu++0x";
				CLANG_CXX_LIBRARY = "libc++";
				CLANG_ENABLE_MODULES = YES;
				CLANG_ENABLE_OBJC_ARC = YES;
				CLANG_WARN_BOOL_CONVERSION = YES;
				CLANG_WARN_CONSTANT_CONVERSION = YES;
				CLANG_WARN_DIRECT_OBJC_ISA_USAGE = YES_ERROR;
				CLANG_WARN_EMPTY_BODY = YES;
				CLANG_WARN_ENUM_CONVERSION = YES;
				CLANG_WARN_INT_CONVERSION = YES;
				CLANG_WARN_OBJC_ROOT_CLASS = YES_ERROR;
				CLANG_WARN_UNREACHABLE_CODE = YES;
				CLANG_WARN__DUPLICATE_METHOD_MATCH = YES;
				"CODE_SIGN_IDENTITY[sdk=iphoneos*]" = "iPhone Developer";
				COPY_PHASE_STRIP = NO;
				DEBUG_INFORMATION_FORMAT = dwarf;
				ENABLE_STRICT_OBJC_MSGSEND = YES;
				ENABLE_TESTABILITY = YES;
				GCC_C_LANGUAGE_STANDARD = gnu99;
				GCC_DYNAMIC_NO_PIC = NO;
				GCC_NO_COMMON_BLOCKS = YES;
				GCC_OPTIMIZATION_LEVEL = 0;
				GCC_PREPROCESSOR_DEFINITIONS = (
					"DEBUG=1",
					"$(inherited)",
				);
				GCC_WARN_64_TO_32_BIT_CONVERSION = YES;
				GCC_WARN_ABOUT_RETURN_TYPE = YES_ERROR;
				GCC_WARN_UNDECLARED_SELECTOR = YES;
				GCC_WARN_UNINITIALIZED_AUTOS = YES_AGGRESSIVE;
				GCC_WARN_UNUSED_FUNCTION = YES;
				GCC_WARN_UNUSED_VARIABLE = YES;
				IPHONEOS_DEPLOYMENT_TARGET = 9.3;
				MTL_ENABLE_DEBUG_INFO = YES;
				ONLY_ACTIVE_ARCH = YES;
				SDKROOT = iphoneos;
				SWIFT_OPTIMIZATION_LEVEL = "-Onone";
			};
			name = Debug;
		};
		6EA847611CBB0875008DCD6C /* Release */ = {
			isa = XCBuildConfiguration;
			buildSettings = {
				ALWAYS_SEARCH_USER_PATHS = NO;
				CLANG_ANALYZER_NONNULL = YES;
				CLANG_CXX_LANGUAGE_STANDARD = "gnu++0x";
				CLANG_CXX_LIBRARY = "libc++";
				CLANG_ENABLE_MODULES = YES;
				CLANG_ENABLE_OBJC_ARC = YES;
				CLANG_WARN_BOOL_CONVERSION = YES;
				CLANG_WARN_CONSTANT_CONVERSION = YES;
				CLANG_WARN_DIRECT_OBJC_ISA_USAGE = YES_ERROR;
				CLANG_WARN_EMPTY_BODY = YES;
				CLANG_WARN_ENUM_CONVERSION = YES;
				CLANG_WARN_INT_CONVERSION = YES;
				CLANG_WARN_OBJC_ROOT_CLASS = YES_ERROR;
				CLANG_WARN_UNREACHABLE_CODE = YES;
				CLANG_WARN__DUPLICATE_METHOD_MATCH = YES;
				"CODE_SIGN_IDENTITY[sdk=iphoneos*]" = "iPhone Developer";
				COPY_PHASE_STRIP = NO;
				DEBUG_INFORMATION_FORMAT = "dwarf-with-dsym";
				ENABLE_NS_ASSERTIONS = NO;
				ENABLE_STRICT_OBJC_MSGSEND = YES;
				GCC_C_LANGUAGE_STANDARD = gnu99;
				GCC_NO_COMMON_BLOCKS = YES;
				GCC_WARN_64_TO_32_BIT_CONVERSION = YES;
				GCC_WARN_ABOUT_RETURN_TYPE = YES_ERROR;
				GCC_WARN_UNDECLARED_SELECTOR = YES;
				GCC_WARN_UNINITIALIZED_AUTOS = YES_AGGRESSIVE;
				GCC_WARN_UNUSED_FUNCTION = YES;
				GCC_WARN_UNUSED_VARIABLE = YES;
				IPHONEOS_DEPLOYMENT_TARGET = 9.3;
				MTL_ENABLE_DEBUG_INFO = NO;
				SDKROOT = iphoneos;
				VALIDATE_PRODUCT = YES;
			};
			name = Release;
		};
		6EA847631CBB0875008DCD6C /* Debug */ = {
			isa = XCBuildConfiguration;
			buildSettings = {
				INFOPLIST_FILE = "hola mundo/Info.plist";
				LD_RUNPATH_SEARCH_PATHS = "$(inherited) @executable_path/Frameworks";
				PRODUCT_BUNDLE_IDENTIFIER = "com.nextu.iosdeveloper.hola-mundo";
				PRODUCT_NAME = "$(TARGET_NAME)";
			};
			name = Debug;
		};
		6EA847641CBB0875008DCD6C /* Release */ = {
			isa = XCBuildConfiguration;
			buildSettings = {
				INFOPLIST_FILE = "hola mundo/Info.plist";
				LD_RUNPATH_SEARCH_PATHS = "$(inherited) @executable_path/Frameworks";
				PRODUCT_BUNDLE_IDENTIFIER = "com.nextu.iosdeveloper.hola-mundo";
				PRODUCT_NAME = "$(TARGET_NAME)";
			};
			name = Release;
		};
/* End XCBuildConfiguration section */

/* Begin XCConfigurationList section */
		6EA8474B1CBB0875008DCD6C /* Build configuration list for PBXProject "hola mundo" */ = {
			isa = XCConfigurationList;
			buildConfigurations = (
				6EA847601CBB0875008DCD6C /* Debug */,
				6EA847611CBB0875008DCD6C /* Release */,
			);
			defaultConfigurationIsVisible = 0;
			defaultConfigurationName = Release;
		};
		6EA847621CBB0875008DCD6C /* Build configuration list for PBXNativeTarget "hola mundo" */ = {
			isa = XCConfigurationList;
			buildConfigurations = (
				6EA847631CBB0875008DCD6C /* Debug */,
				6EA847641CBB0875008DCD6C /* Release */,
			);
			defaultConfigurationIsVisible = 0;
			defaultConfigurationName = Release;
		};
/* End XCConfigurationList section */
	};
	rootObject = 6EA847481CBB0875008DCD6C /* Project object */;
}
